// !$*UTF8*$!
{
	archiveVersion = 1;
	classes = {
	};
	objectVersion = 50;
	objects = {

/* Begin PBXBuildFile section */
		CA38AECB28418A6A00E84FE7 /* AppDelegate.swift in Sources */ = {isa = PBXBuildFile; fileRef = CA38AECA28418A6A00E84FE7 /* AppDelegate.swift */; };
		CA38AECD28418A6A00E84FE7 /* SceneDelegate.swift in Sources */ = {isa = PBXBuildFile; fileRef = CA38AECC28418A6A00E84FE7 /* SceneDelegate.swift */; };
		CA38AECF28418A6A00E84FE7 /* ViewController.swift in Sources */ = {isa = PBXBuildFile; fileRef = CA38AECE28418A6A00E84FE7 /* ViewController.swift */; };
		CA38AED228418A6A00E84FE7 /* Main.storyboard in Resources */ = {isa = PBXBuildFile; fileRef = CA38AED028418A6A00E84FE7 /* Main.storyboard */; };
		CA38AED428418A7200E84FE7 /* Assets.xcassets in Resources */ = {isa = PBXBuildFile; fileRef = CA38AED328418A7200E84FE7 /* Assets.xcassets */; };
		CA38AED728418A7200E84FE7 /* LaunchScreen.storyboard in Resources */ = {isa = PBXBuildFile; fileRef = CA38AED528418A7200E84FE7 /* LaunchScreen.storyboard */; };
		CA38AEE02841A90E00E84FE7 /* DetailViewController.swift in Sources */ = {isa = PBXBuildFile; fileRef = CA38AEDF2841A90E00E84FE7 /* DetailViewController.swift */; };
		CA38AEE32841CA6D00E84FE7 /* Opcion1ViewController.swift in Sources */ = {isa = PBXBuildFile; fileRef = CA38AEE22841CA6D00E84FE7 /* Opcion1ViewController.swift */; };
		CA38AEE62841CB2700E84FE7 /* Opcion2ViewController.swift in Sources */ = {isa = PBXBuildFile; fileRef = CA38AEE52841CB2700E84FE7 /* Opcion2ViewController.swift */; };
		CA38AEE92841CB5800E84FE7 /* Opcion3ViewController.swift in Sources */ = {isa = PBXBuildFile; fileRef = CA38AEE82841CB5800E84FE7 /* Opcion3ViewController.swift */; };
/* End PBXBuildFile section */

/* Begin PBXFileReference section */
		CA38AEC728418A6A00E84FE7 /* EP_Roman.app */ = {isa = PBXFileReference; explicitFileType = wrapper.application; includeInIndex = 0; path = EP_Roman.app; sourceTree = BUILT_PRODUCTS_DIR; };
		CA38AECA28418A6A00E84FE7 /* AppDelegate.swift */ = {isa = PBXFileReference; lastKnownFileType = sourcecode.swift; path = AppDelegate.swift; sourceTree = "<group>"; };
		CA38AECC28418A6A00E84FE7 /* SceneDelegate.swift */ = {isa = PBXFileReference; lastKnownFileType = sourcecode.swift; path = SceneDelegate.swift; sourceTree = "<group>"; };
		CA38AECE28418A6A00E84FE7 /* ViewController.swift */ = {isa = PBXFileReference; lastKnownFileType = sourcecode.swift; path = ViewController.swift; sourceTree = "<group>"; };
		CA38AED128418A6A00E84FE7 /* Base */ = {isa = PBXFileReference; lastKnownFileType = file.storyboard; name = Base; path = Base.lproj/Main.storyboard; sourceTree = "<group>"; };
		CA38AED328418A7200E84FE7 /* Assets.xcassets */ = {isa = PBXFileReference; lastKnownFileType = folder.assetcatalog; path = Assets.xcassets; sourceTree = "<group>"; };
		CA38AED628418A7200E84FE7 /* Base */ = {isa = PBXFileReference; lastKnownFileType = file.storyboard; name = Base; path = Base.lproj/LaunchScreen.storyboard; sourceTree = "<group>"; };
		CA38AED828418A7200E84FE7 /* Info.plist */ = {isa = PBXFileReference; lastKnownFileType = text.plist.xml; path = Info.plist; sourceTree = "<group>"; };
		CA38AEDF2841A90E00E84FE7 /* DetailViewController.swift */ = {isa = PBXFileReference; lastKnownFileType = sourcecode.swift; path = DetailViewController.swift; sourceTree = "<group>"; };
		CA38AEE22841CA6D00E84FE7 /* Opcion1ViewController.swift */ = {isa = PBXFileReference; lastKnownFileType = sourcecode.swift; path = Opcion1ViewController.swift; sourceTree = "<group>"; };
		CA38AEE52841CB2700E84FE7 /* Opcion2ViewController.swift */ = {isa = PBXFileReference; lastKnownFileType = sourcecode.swift; path = Opcion2ViewController.swift; sourceTree = "<group>"; };
		CA38AEE82841CB5800E84FE7 /* Opcion3ViewController.swift */ = {isa = PBXFileReference; lastKnownFileType = sourcecode.swift; path = Opcion3ViewController.swift; sourceTree = "<group>"; };
/* End PBXFileReference section */

/* Begin PBXFrameworksBuildPhase section */
		CA38AEC428418A6A00E84FE7 /* Frameworks */ = {
			isa = PBXFrameworksBuildPhase;
			buildActionMask = 2147483647;
			files = (
			);
			runOnlyForDeploymentPostprocessing = 0;
		};
/* End PBXFrameworksBuildPhase section */

/* Begin PBXGroup section */
		CA38AEBE28418A6A00E84FE7 = {
			isa = PBXGroup;
			children = (
				CA38AEC928418A6A00E84FE7 /* EP_Roman */,
				CA38AEC828418A6A00E84FE7 /* Products */,
			);
			sourceTree = "<group>";
		};
		CA38AEC828418A6A00E84FE7 /* Products */ = {
			isa = PBXGroup;
			children = (
				CA38AEC728418A6A00E84FE7 /* EP_Roman.app */,
			);
			name = Products;
			sourceTree = "<group>";
		};
		CA38AEC928418A6A00E84FE7 /* EP_Roman */ = {
			isa = PBXGroup;
			children = (
				CA38AECA28418A6A00E84FE7 /* AppDelegate.swift */,
				CA38AECC28418A6A00E84FE7 /* SceneDelegate.swift */,
				CA38AECE28418A6A00E84FE7 /* ViewController.swift */,
				CA38AED028418A6A00E84FE7 /* Main.storyboard */,
				CA38AED328418A7200E84FE7 /* Assets.xcassets */,
				CA38AED528418A7200E84FE7 /* LaunchScreen.storyboard */,
				CA38AED828418A7200E84FE7 /* Info.plist */,
				CA38AEDF2841A90E00E84FE7 /* DetailViewController.swift */,
				CA38AEE22841CA6D00E84FE7 /* Opcion1ViewController.swift */,
				CA38AEE52841CB2700E84FE7 /* Opcion2ViewController.swift */,
				CA38AEE82841CB5800E84FE7 /* Opcion3ViewController.swift */,
			);
			path = EP_Roman;
			sourceTree = "<group>";
		};
/* End PBXGroup section */

/* Begin PBXNativeTarget section */
		CA38AEC628418A6A00E84FE7 /* EP_Roman */ = {
			isa = PBXNativeTarget;
			buildConfigurationList = CA38AEDB28418A7200E84FE7 /* Build configuration list for PBXNativeTarget "EP_Roman" */;
			buildPhases = (
				CA38AEC328418A6A00E84FE7 /* Sources */,
				CA38AEC428418A6A00E84FE7 /* Frameworks */,
				CA38AEC528418A6A00E84FE7 /* Resources */,
			);
			buildRules = (
			);
			dependencies = (
			);
			name = EP_Roman;
			productName = EP_Roman;
			productReference = CA38AEC728418A6A00E84FE7 /* EP_Roman.app */;
			productType = "com.apple.product-type.application";
		};
/* End PBXNativeTarget section */

/* Begin PBXProject section */
		CA38AEBF28418A6A00E84FE7 /* Project object */ = {
			isa = PBXProject;
			attributes = {
				LastSwiftUpdateCheck = 1240;
				LastUpgradeCheck = 1240;
				TargetAttributes = {
					CA38AEC628418A6A00E84FE7 = {
						CreatedOnToolsVersion = 12.4;
					};
				};
			};
			buildConfigurationList = CA38AEC228418A6A00E84FE7 /* Build configuration list for PBXProject "EP_Roman" */;
			compatibilityVersion = "Xcode 9.3";
			developmentRegion = en;
			hasScannedForEncodings = 0;
			knownRegions = (
				en,
				Base,
			);
			mainGroup = CA38AEBE28418A6A00E84FE7;
			productRefGroup = CA38AEC828418A6A00E84FE7 /* Products */;
			projectDirPath = "";
			projectRoot = "";
			targets = (
				CA38AEC628418A6A00E84FE7 /* EP_Roman */,
			);
		};
/* End PBXProject section */

/* Begin PBXResourcesBuildPhase section */
		CA38AEC528418A6A00E84FE7 /* Resources */ = {
			isa = PBXResourcesBuildPhase;
			buildActionMask = 2147483647;
			files = (
				CA38AED728418A7200E84FE7 /* LaunchScreen.storyboard in Resources */,
				CA38AED428418A7200E84FE7 /* Assets.xcassets in Resources */,
				CA38AED228418A6A00E84FE7 /* Main.storyboard in Resources */,
			);
			runOnlyForDeploymentPostprocessing = 0;
		};
/* End PBXResourcesBuildPhase section */

/* Begin PBXSourcesBuildPhase section */
		CA38AEC328418A6A00E84FE7 /* Sources */ = {
			isa = PBXSourcesBuildPhase;
			buildActionMask = 2147483647;
			files = (
				CA38AEE92841CB5800E84FE7 /* Opcion3ViewController.swift in Sources */,
				CA38AECF28418A6A00E84FE7 /* ViewController.swift in Sources */,
				CA38AECB28418A6A00E84FE7 /* AppDelegate.swift in Sources */,
				CA38AEE32841CA6D00E84FE7 /* Opcion1ViewController.swift in Sources */,
				CA38AEE62841CB2700E84FE7 /* Opcion2ViewController.swift in Sources */,
				CA38AECD28418A6A00E84FE7 /* SceneDelegate.swift in Sources */,
				CA38AEE02841A90E00E84FE7 /* DetailViewController.swift in Sources */,
			);
			runOnlyForDeploymentPostprocessing = 0;
		};
/* End PBXSourcesBuildPhase section */

/* Begin PBXVariantGroup section */
		CA38AED028418A6A00E84FE7 /* Main.storyboard */ = {
			isa = PBXVariantGroup;
			children = (
				CA38AED128418A6A00E84FE7 /* Base */,
			);
			name = Main.storyboard;
			sourceTree = "<group>";
		};
		CA38AED528418A7200E84FE7 /* LaunchScreen.storyboard */ = {
			isa = PBXVariantGroup;
			children = (
				CA38AED628418A7200E84FE7 /* Base */,
			);
			name = LaunchScreen.storyboard;
			sourceTree = "<group>";
		};
/* End PBXVariantGroup section */

/* Begin XCBuildConfiguration section */
		CA38AED928418A7200E84FE7 /* Debug */ = {
			isa = XCBuildConfiguration;
			buildSettings = {
				ALWAYS_SEARCH_USER_PATHS = NO;
				CLANG_ANALYZER_NONNULL = YES;
				CLANG_ANALYZER_NUMBER_OBJECT_CONVERSION = YES_AGGRESSIVE;
				CLANG_CXX_LANGUAGE_STANDARD = "gnu++14";
				CLANG_CXX_LIBRARY = "libc++";
				CLANG_ENABLE_MODULES = YES;
				CLANG_ENABLE_OBJC_ARC = YES;
				CLANG_ENABLE_OBJC_WEAK = YES;
				CLANG_WARN_BLOCK_CAPTURE_AUTORELEASING = YES;
				CLANG_WARN_BOOL_CONVERSION = YES;
				CLANG_WARN_COMMA = YES;
				CLANG_WARN_CONSTANT_CONVERSION = YES;
				CLANG_WARN_DEPRECATED_OBJC_IMPLEMENTATIONS = YES;
				CLANG_WARN_DIRECT_OBJC_ISA_USAGE = YES_ERROR;
				CLANG_WARN_DOCUMENTATION_COMMENTS = YES;
				CLANG_WARN_EMPTY_BODY = YES;
				CLANG_WARN_ENUM_CONVERSION = YES;
				CLANG_WARN_INFINITE_RECURSION = YES;
				CLANG_WARN_INT_CONVERSION = YES;
				CLANG_WARN_NON_LITERAL_NULL_CONVERSION = YES;
				CLANG_WARN_OBJC_IMPLICIT_RETAIN_SELF = YES;
				CLANG_WARN_OBJC_LITERAL_CONVERSION = YES;
				CLANG_WARN_OBJC_ROOT_CLASS = YES_ERROR;
				CLANG_WARN_QUOTED_INCLUDE_IN_FRAMEWORK_HEADER = YES;
				CLANG_WARN_RANGE_LOOP_ANALYSIS = YES;
				CLANG_WARN_STRICT_PROTOTYPES = YES;
				CLANG_WARN_SUSPICIOUS_MOVE = YES;
				CLANG_WARN_UNGUARDED_AVAILABILITY = YES_AGGRESSIVE;
				CLANG_WARN_UNREACHABLE_CODE = YES;
				CLANG_WARN__DUPLICATE_METHOD_MATCH = YES;
				COPY_PHASE_STRIP = NO;
				DEBUG_INFORMATION_FORMAT = dwarf;
				ENABLE_STRICT_OBJC_MSGSEND = YES;
				ENABLE_TESTABILITY = YES;
				GCC_C_LANGUAGE_STANDARD = gnu11;
				GCC_DYNAMIC_NO_PIC = NO;
				GCC_NO_COMMON_BLOCKS = YES;
				GCC_OPTIMIZATION_LEVEL = 0;
				GCC_PREPROCESSOR_DEFINITIONS = (
					"DEBUG=1",
					"$(inherited)",
				);
				GCC_WARN_64_TO_32_BIT_CONVERSION = YES;
				GCC_WARN_ABOUT_RETURN_TYPE = YES_ERROR;
				GCC_WARN_UNDECLARED_SELECTOR = YES;
				GCC_WARN_UNINITIALIZED_AUTOS = YES_AGGRESSIVE;
				GCC_WARN_UNUSED_FUNCTION = YES;
				GCC_WARN_UNUSED_VARIABLE = YES;
				IPHONEOS_DEPLOYMENT_TARGET = 14.4;
				MTL_ENABLE_DEBUG_INFO = INCLUDE_SOURCE;
				MTL_FAST_MATH = YES;
				ONLY_ACTIVE_ARCH = YES;
				SDKROOT = iphoneos;
				SWIFT_ACTIVE_COMPILATION_CONDITIONS = DEBUG;
				SWIFT_OPTIMIZATION_LEVEL = "-Onone";
			};
			name = Debug;
		};
		CA38AEDA28418A7200E84FE7 /* Release */ = {
			isa = XCBuildConfiguration;
			buildSettings = {
				ALWAYS_SEARCH_USER_PATHS = NO;
				CLANG_ANALYZER_NONNULL = YES;
				CLANG_ANALYZER_NUMBER_OBJECT_CONVERSION = YES_AGGRESSIVE;
				CLANG_CXX_LANGUAGE_STANDARD = "gnu++14";
				CLANG_CXX_LIBRARY = "libc++";
				CLANG_ENABLE_MODULES = YES;
				CLANG_ENABLE_OBJC_ARC = YES;
				CLANG_ENABLE_OBJC_WEAK = YES;
				CLANG_WARN_BLOCK_CAPTURE_AUTORELEASING = YES;
				CLANG_WARN_BOOL_CONVERSION = YES;
				CLANG_WARN_COMMA = YES;
				CLANG_WARN_CONSTANT_CONVERSION = YES;
				CLANG_WARN_DEPRECATED_OBJC_IMPLEMENTATIONS = YES;
				CLANG_WARN_DIRECT_OBJC_ISA_USAGE = YES_ERROR;
				CLANG_WARN_DOCUMENTATION_COMMENTS = YES;
				CLANG_WARN_EMPTY_BODY = YES;
				CLANG_WARN_ENUM_CONVERSION = YES;
				CLANG_WARN_INFINITE_RECURSION = YES;
				CLANG_WARN_INT_CONVERSION = YES;
				CLANG_WARN_NON_LITERAL_NULL_CONVERSION = YES;
				CLANG_WARN_OBJC_IMPLICIT_RETAIN_SELF = YES;
				CLANG_WARN_OBJC_LITERAL_CONVERSION = YES;
				CLANG_WARN_OBJC_ROOT_CLASS = YES_ERROR;
				CLANG_WARN_QUOTED_INCLUDE_IN_FRAMEWORK_HEADER = YES;
				CLANG_WARN_RANGE_LOOP_ANALYSIS = YES;
				CLANG_WARN_STRICT_PROTOTYPES = YES;
				CLANG_WARN_SUSPICIOUS_MOVE = YES;
				CLANG_WARN_UNGUARDED_AVAILABILITY = YES_AGGRESSIVE;
				CLANG_WARN_UNREACHABLE_CODE = YES;
				CLANG_WARN__DUPLICATE_METHOD_MATCH = YES;
				COPY_PHASE_STRIP = NO;
				DEBUG_INFORMATION_FORMAT = "dwarf-with-dsym";
				ENABLE_NS_ASSERTIONS = NO;
				ENABLE_STRICT_OBJC_MSGSEND = YES;
				GCC_C_LANGUAGE_STANDARD = gnu11;
				GCC_NO_COMMON_BLOCKS = YES;
				GCC_WARN_64_TO_32_BIT_CONVERSION = YES;
				GCC_WARN_ABOUT_RETURN_TYPE = YES_ERROR;
				GCC_WARN_UNDECLARED_SELECTOR = YES;
				GCC_WARN_UNINITIALIZED_AUTOS = YES_AGGRESSIVE;
				GCC_WARN_UNUSED_FUNCTION = YES;
				GCC_WARN_UNUSED_VARIABLE = YES;
				IPHONEOS_DEPLOYMENT_TARGET = 14.4;
				MTL_ENABLE_DEBUG_INFO = NO;
				MTL_FAST_MATH = YES;
				SDKROOT = iphoneos;
				SWIFT_COMPILATION_MODE = wholemodule;
				SWIFT_OPTIMIZATION_LEVEL = "-O";
				VALIDATE_PRODUCT = YES;
			};
			name = Release;
		};
		CA38AEDC28418A7200E84FE7 /* Debug */ = {
			isa = XCBuildConfiguration;
			buildSettings = {
				ASSETCATALOG_COMPILER_APPICON_NAME = AppIcon;
				ASSETCATALOG_COMPILER_GLOBAL_ACCENT_COLOR_NAME = AccentColor;
				CODE_SIGN_STYLE = Automatic;
				INFOPLIST_FILE = EP_Roman/Info.plist;
				LD_RUNPATH_SEARCH_PATHS = (
					"$(inherited)",
					"@executable_path/Frameworks",
				);
				PRODUCT_BUNDLE_IDENTIFIER = "com.isil.EP-Roman";
				PRODUCT_NAME = "$(TARGET_NAME)";
				SWIFT_VERSION = 5.0;
				TARGETED_DEVICE_FAMILY = "1,2";
			};
			name = Debug;
		};
		CA38AEDD28418A7200E84FE7 /* Release */ = {
			isa = XCBuildConfiguration;
			buildSettings = {
				ASSETCATALOG_COMPILER_APPICON_NAME = AppIcon;
				ASSETCATALOG_COMPILER_GLOBAL_ACCENT_COLOR_NAME = AccentColor;
				CODE_SIGN_STYLE = Automatic;
				INFOPLIST_FILE = EP_Roman/Info.plist;
				LD_RUNPATH_SEARCH_PATHS = (
					"$(inherited)",
					"@executable_path/Frameworks",
				);
				PRODUCT_BUNDLE_IDENTIFIER = "com.isil.EP-Roman";
				PRODUCT_NAME = "$(TARGET_NAME)";
				SWIFT_VERSION = 5.0;
				TARGETED_DEVICE_FAMILY = "1,2";
			};
			name = Release;
		};
/* End XCBuildConfiguration section */

/* Begin XCConfigurationList section */
		CA38AEC228418A6A00E84FE7 /* Build configuration list for PBXProject "EP_Roman" */ = {
			isa = XCConfigurationList;
			buildConfigurations = (
				CA38AED928418A7200E84FE7 /* Debug */,
				CA38AEDA28418A7200E84FE7 /* Release */,
			);
			defaultConfigurationIsVisible = 0;
			defaultConfigurationName = Release;
		};
		CA38AEDB28418A7200E84FE7 /* Build configuration list for PBXNativeTarget "EP_Roman" */ = {
			isa = XCConfigurationList;
			buildConfigurations = (
				CA38AEDC28418A7200E84FE7 /* Debug */,
				CA38AEDD28418A7200E84FE7 /* Release */,
			);
			defaultConfigurationIsVisible = 0;
			defaultConfigurationName = Release;
		};
/* End XCConfigurationList section */
	};
	rootObject = CA38AEBF28418A6A00E84FE7 /* Project object */;
}
